// !$*UTF8*$!
{
	archiveVersion = 1;
	classes = {
	};
	objectVersion = 46;
	objects = {

/* Begin PBXBuildFile section */
		EE9784501B75975C003AC838 /* AdiumFacebook.m in Sources */ = {isa = PBXBuildFile; fileRef = EE97844F1B75975C003AC838 /* AdiumFacebook.m */; };
/* End PBXBuildFile section */

/* Begin PBXFileReference section */
		EE9784441B758FF5003AC838 /* adium-facebook.AdiumPlugin */ = {isa = PBXFileReference; explicitFileType = wrapper.cfbundle; includeInIndex = 0; path = "adium-facebook.AdiumPlugin"; sourceTree = BUILT_PRODUCTS_DIR; };
		EE9784481B758FF5003AC838 /* Info.plist */ = {isa = PBXFileReference; lastKnownFileType = text.plist.xml; path = Info.plist; sourceTree = "<group>"; };
		EE97844E1B75975C003AC838 /* AdiumFacebook.h */ = {isa = PBXFileReference; fileEncoding = 4; lastKnownFileType = sourcecode.c.h; name = AdiumFacebook.h; path = "adium-facebook/AdiumFacebook.h"; sourceTree = "<group>"; };
		EE97844F1B75975C003AC838 /* AdiumFacebook.m */ = {isa = PBXFileReference; fileEncoding = 4; lastKnownFileType = sourcecode.c.objc; name = AdiumFacebook.m; path = "adium-facebook/AdiumFacebook.m"; sourceTree = "<group>"; };
/* End PBXFileReference section */

/* Begin PBXFrameworksBuildPhase section */
		EE9784411B758FF5003AC838 /* Frameworks */ = {
			isa = PBXFrameworksBuildPhase;
			buildActionMask = 2147483647;
			files = (
			);
			runOnlyForDeploymentPostprocessing = 0;
		};
/* End PBXFrameworksBuildPhase section */

/* Begin PBXGroup section */
		EE97843B1B758FF5003AC838 = {
			isa = PBXGroup;
			children = (
				EE97844E1B75975C003AC838 /* AdiumFacebook.h */,
				EE97844F1B75975C003AC838 /* AdiumFacebook.m */,
				EE9784461B758FF5003AC838 /* adium-facebook */,
				EE9784451B758FF5003AC838 /* Products */,
			);
			sourceTree = "<group>";
		};
		EE9784451B758FF5003AC838 /* Products */ = {
			isa = PBXGroup;
			children = (
				EE9784441B758FF5003AC838 /* adium-facebook.AdiumPlugin */,
			);
			name = Products;
			sourceTree = "<group>";
		};
		EE9784461B758FF5003AC838 /* adium-facebook */ = {
			isa = PBXGroup;
			children = (
				EE9784471B758FF5003AC838 /* Supporting Files */,
			);
			path = "adium-facebook";
			sourceTree = "<group>";
		};
		EE9784471B758FF5003AC838 /* Supporting Files */ = {
			isa = PBXGroup;
			children = (
				EE9784481B758FF5003AC838 /* Info.plist */,
			);
			name = "Supporting Files";
			sourceTree = "<group>";
		};
/* End PBXGroup section */

/* Begin PBXNativeTarget section */
		EE9784431B758FF5003AC838 /* adium-facebook */ = {
			isa = PBXNativeTarget;
			buildConfigurationList = EE97844B1B758FF5003AC838 /* Build configuration list for PBXNativeTarget "adium-facebook" */;
			buildPhases = (
				EE9784401B758FF5003AC838 /* Sources */,
				EE9784411B758FF5003AC838 /* Frameworks */,
				EE9784421B758FF5003AC838 /* Resources */,
			);
			buildRules = (
			);
			dependencies = (
			);
			name = "adium-facebook";
			productName = "adium-facebook";
			productReference = EE9784441B758FF5003AC838 /* adium-facebook.AdiumPlugin */;
			productType = "com.apple.product-type.bundle";
		};
/* End PBXNativeTarget section */

/* Begin PBXProject section */
		EE97843C1B758FF5003AC838 /* Project object */ = {
			isa = PBXProject;
			attributes = {
				LastUpgradeCheck = 0700;
				ORGANIZATIONNAME = duxet;
				TargetAttributes = {
					EE9784431B758FF5003AC838 = {
						CreatedOnToolsVersion = 6.4;
					};
				};
			};
			buildConfigurationList = EE97843F1B758FF5003AC838 /* Build configuration list for PBXProject "adium-facebook" */;
			compatibilityVersion = "Xcode 3.2";
			developmentRegion = English;
			hasScannedForEncodings = 0;
			knownRegions = (
				en,
			);
			mainGroup = EE97843B1B758FF5003AC838;
			productRefGroup = EE9784451B758FF5003AC838 /* Products */;
			projectDirPath = "";
			projectRoot = "";
			targets = (
				EE9784431B758FF5003AC838 /* adium-facebook */,
			);
		};
/* End PBXProject section */

/* Begin PBXResourcesBuildPhase section */
		EE9784421B758FF5003AC838 /* Resources */ = {
			isa = PBXResourcesBuildPhase;
			buildActionMask = 2147483647;
			files = (
			);
			runOnlyForDeploymentPostprocessing = 0;
		};
/* End PBXResourcesBuildPhase section */

/* Begin PBXSourcesBuildPhase section */
		EE9784401B758FF5003AC838 /* Sources */ = {
			isa = PBXSourcesBuildPhase;
			buildActionMask = 2147483647;
			files = (
				EE9784501B75975C003AC838 /* AdiumFacebook.m in Sources */,
			);
			runOnlyForDeploymentPostprocessing = 0;
		};
/* End PBXSourcesBuildPhase section */

/* Begin XCBuildConfiguration section */
		EE9784491B758FF5003AC838 /* Debug */ = {
			isa = XCBuildConfiguration;
			buildSettings = {
				ALWAYS_SEARCH_USER_PATHS = NO;
				CLANG_CXX_LANGUAGE_STANDARD = "gnu++0x";
				CLANG_CXX_LIBRARY = "libc++";
				CLANG_ENABLE_MODULES = YES;
				CLANG_ENABLE_OBJC_ARC = YES;
				CLANG_WARN_BOOL_CONVERSION = YES;
				CLANG_WARN_CONSTANT_CONVERSION = YES;
				CLANG_WARN_DIRECT_OBJC_ISA_USAGE = YES_ERROR;
				CLANG_WARN_EMPTY_BODY = YES;
				CLANG_WARN_ENUM_CONVERSION = YES;
				CLANG_WARN_INT_CONVERSION = YES;
				CLANG_WARN_OBJC_ROOT_CLASS = YES_ERROR;
				CLANG_WARN_UNREACHABLE_CODE = YES;
				CLANG_WARN__DUPLICATE_METHOD_MATCH = YES;
				COPY_PHASE_STRIP = NO;
				DEBUG_INFORMATION_FORMAT = dwarf;
				ENABLE_STRICT_OBJC_MSGSEND = YES;
				ENABLE_TESTABILITY = YES;
				GCC_C_LANGUAGE_STANDARD = gnu99;
				GCC_DYNAMIC_NO_PIC = NO;
				GCC_NO_COMMON_BLOCKS = YES;
				GCC_OPTIMIZATION_LEVEL = 0;
				GCC_PREPROCESSOR_DEFINITIONS = (
					"DEBUG=1",
					"$(inherited)",
				);
				GCC_SYMBOLS_PRIVATE_EXTERN = NO;
				GCC_WARN_64_TO_32_BIT_CONVERSION = YES;
				GCC_WARN_ABOUT_RETURN_TYPE = YES_ERROR;
				GCC_WARN_UNDECLARED_SELECTOR = YES;
				GCC_WARN_UNINITIALIZED_AUTOS = YES_AGGRESSIVE;
				GCC_WARN_UNUSED_FUNCTION = YES;
				GCC_WARN_UNUSED_VARIABLE = YES;
				MACOSX_DEPLOYMENT_TARGET = 10.10;
				MTL_ENABLE_DEBUG_INFO = YES;
				ONLY_ACTIVE_ARCH = YES;
				SDKROOT = macosx;
			};
			name = Debug;
		};
		EE97844A1B758FF5003AC838 /* Release */ = {
			isa = XCBuildConfiguration;
			buildSettings = {
				ALWAYS_SEARCH_USER_PATHS = NO;
				CLANG_CXX_LANGUAGE_STANDARD = "gnu++0x";
				CLANG_CXX_LIBRARY = "libc++";
				CLANG_ENABLE_MODULES = YES;
				CLANG_ENABLE_OBJC_ARC = YES;
				CLANG_WARN_BOOL_CONVERSION = YES;
				CLANG_WARN_CONSTANT_CONVERSION = YES;
				CLANG_WARN_DIRECT_OBJC_ISA_USAGE = YES_ERROR;
				CLANG_WARN_EMPTY_BODY = YES;
				CLANG_WARN_ENUM_CONVERSION = YES;
				CLANG_WARN_INT_CONVERSION = YES;
				CLANG_WARN_OBJC_ROOT_CLASS = YES_ERROR;
				CLANG_WARN_UNREACHABLE_CODE = YES;
				CLANG_WARN__DUPLICATE_METHOD_MATCH = YES;
				COPY_PHASE_STRIP = NO;
				DEBUG_INFORMATION_FORMAT = "dwarf-with-dsym";
				ENABLE_NS_ASSERTIONS = NO;
				ENABLE_STRICT_OBJC_MSGSEND = YES;
				GCC_C_LANGUAGE_STANDARD = gnu99;
				GCC_NO_COMMON_BLOCKS = YES;
				GCC_WARN_64_TO_32_BIT_CONVERSION = YES;
				GCC_WARN_ABOUT_RETURN_TYPE = YES_ERROR;
				GCC_WARN_UNDECLARED_SELECTOR = YES;
				GCC_WARN_UNINITIALIZED_AUTOS = YES_AGGRESSIVE;
				GCC_WARN_UNUSED_FUNCTION = YES;
				GCC_WARN_UNUSED_VARIABLE = YES;
				MACOSX_DEPLOYMENT_TARGET = 10.10;
				MTL_ENABLE_DEBUG_INFO = NO;
				SDKROOT = macosx;
			};
			name = Release;
		};
		EE97844C1B758FF5003AC838 /* Debug */ = {
			isa = XCBuildConfiguration;
			buildSettings = {
				COMBINE_HIDPI_IMAGES = YES;
				INFOPLIST_FILE = "adium-facebook/Info.plist";
				INSTALL_PATH = "$(HOME)/Library/Application Support/Adium 2.0/PlugIns/";
				PRODUCT_BUNDLE_IDENTIFIER = "pl.duxet.$(PRODUCT_NAME:rfc1034identifier)";
				PRODUCT_NAME = "$(TARGET_NAME)";
				SKIP_INSTALL = YES;
				WRAPPER_EXTENSION = AdiumPlugin;
			};
			name = Debug;
		};
		EE97844D1B758FF5003AC838 /* Release */ = {
			isa = XCBuildConfiguration;
			buildSettings = {
				COMBINE_HIDPI_IMAGES = YES;
				INFOPLIST_FILE = "adium-facebook/Info.plist";
				INSTALL_PATH = "$(HOME)/Library/Application Support/Adium 2.0/PlugIns/";
				PRODUCT_BUNDLE_IDENTIFIER = "pl.duxet.$(PRODUCT_NAME:rfc1034identifier)";
				PRODUCT_NAME = "$(TARGET_NAME)";
				SKIP_INSTALL = YES;
				WRAPPER_EXTENSION = AdiumPlugin;
			};
			name = Release;
		};
/* End XCBuildConfiguration section */

/* Begin XCConfigurationList section */
		EE97843F1B758FF5003AC838 /* Build configuration list for PBXProject "adium-facebook" */ = {
			isa = XCConfigurationList;
			buildConfigurations = (
				EE9784491B758FF5003AC838 /* Debug */,
				EE97844A1B758FF5003AC838 /* Release */,
			);
			defaultConfigurationIsVisible = 0;
			defaultConfigurationName = Release;
		};
		EE97844B1B758FF5003AC838 /* Build configuration list for PBXNativeTarget "adium-facebook" */ = {
			isa = XCConfigurationList;
			buildConfigurations = (
				EE97844C1B758FF5003AC838 /* Debug */,
				EE97844D1B758FF5003AC838 /* Release */,
			);
			defaultConfigurationIsVisible = 0;
			defaultConfigurationName = Release;
		};
/* End XCConfigurationList section */
	};
	rootObject = EE97843C1B758FF5003AC838 /* Project object */;
}
